# This file is autogenerated, do not edit; changes may be undone by the next 'dep ensure'.


[[projects]]
  branch = "master"
  digest = "1:62d7c9d697947fc6fdba5989d9fddd70c3dd3c415bb0e4e2cbd42a3acdc3ca9f"
  name = "github.com/bitrise-io/go-android"
  packages = ["cache"]
  pruneopts = "UT"
  revision = "a28433b493561a6575fcec699f93f124d22150d1"

[[projects]]
  branch = "master"
  digest = "1:594d51ad1ed8d44086145528a32b5e403c43195c0b236a2f6e116e00baa2c0eb"
  name = "github.com/bitrise-io/go-steputils"
  packages = [
    "cache",
    "tools",
  ]
  pruneopts = "UT"
  revision = "f540824d77dfd382ce84fd0ee0a9da2fba1cce0a"

[[projects]]
  branch = "master"
  digest = "1:f80f875d6fb07a598b92e734ab804f2995faaa5d6e13cb724255fc1376cb5fbf"
  name = "github.com/bitrise-io/go-utils"
  packages = [
    "colorstring",
    "command",
    "errorutil",
    "fileutil",
    "log",
    "pathutil",
  ]
  pruneopts = "UT"
  revision = "2c67c48e7086cfd8f9a29bfac2cd420d4dd1d2f9"

[[projects]]
  branch = "master"
  digest = "1:c59720e65fe5642d76a877559d2664d96fa207ae83e80fa3e186f6e0d95b362e"
  name = "github.com/bitrise-tools/go-steputils"
  packages = ["input"]
  pruneopts = "UT"
  revision = "f540824d77dfd382ce84fd0ee0a9da2fba1cce0a"

[[projects]]
  branch = "master"
  digest = "1:400e113a367b511b9b09ca642ee11d9885485a93838526d697033af334a2fdde"
  name = "github.com/kballard/go-shellquote"
  packages = ["."]
  pruneopts = "UT"
  revision = "95032a82bc518f77982ea72343cc1ade730072f0"

[solve-meta]
  analyzer-name = "dep"
  analyzer-version = 1
  input-imports = [
    "github.com/bitrise-io/go-android/cache",
    "github.com/bitrise-io/go-utils/command",
    "github.com/bitrise-io/go-utils/log",
    "github.com/bitrise-io/go-utils/pathutil",
    "github.com/bitrise-tools/go-steputils/input",
    "github.com/kballard/go-shellquote",
  ]
  solver-name = "gps-cdcl"
  solver-version = 1
