# This file is autogenerated, do not edit; changes may be undone by the next 'dep ensure'.


[[projects]]
  branch = "master"
  digest = "1:594d51ad1ed8d44086145528a32b5e403c43195c0b236a2f6e116e00baa2c0eb"
  name = "github.com/bitrise-io/go-steputils"
  packages = [
    "cache",
    "tools",
  ]
  pruneopts = "UT"
  revision = "f540824d77dfd382ce84fd0ee0a9da2fba1cce0a"

[[projects]]
  branch = "master"
  digest = "1:f3885653a05b45dce14be9a8d51b5b64410f424776b430f02251b92888893aa3"
  name = "github.com/bitrise-io/go-utils"
  packages = [
    "colorstring",
    "command",
    "errorutil",
    "fileutil",
    "log",
    "pathutil",
  ]
  pruneopts = "UT"
  revision = "59c81e32d07d18d7301cb7b4a7369b2f30d4d5d1"

[[projects]]
  digest = "1:b9f0bdb1388e9bbc02528cc8da58f3c4baef85ffa7e4c5f68f5c418117dea266"
  name = "github.com/bitrise-steplib/bitrise-step-android-unit-test"
  packages = ["cache"]
  pruneopts = "UT"
  revision = "9d5c1d4e8630a28a5d0d4a23fd29f15b02d45d75"
  version = "1.0.0"

[[projects]]
  digest = "1:ced1253b20f1f681ba42e6044c64356db714729a773b0bf55d599b4153443fe5"
  name = "github.com/bitrise-tools/go-steputils"
  packages = ["input"]
  pruneopts = "UT"
  revision = "a848c9870ff7d745a8fb2a951e1c81fcb147b4ec"

[[projects]]
  digest = "1:968adb8d04fddfdd3c65bcf2e7942e7ca491dcb7c3f914671249d97e3ad0893a"
  name = "github.com/kballard/go-shellquote"
  packages = ["."]
  pruneopts = "UT"
  revision = "cd60e84ee657ff3dc51de0b4f55dd299a3e136f2"

[solve-meta]
  analyzer-name = "dep"
  analyzer-version = 1
  input-imports = [
    "github.com/bitrise-io/go-utils/command",
    "github.com/bitrise-io/go-utils/fileutil",
    "github.com/bitrise-io/go-utils/log",
    "github.com/bitrise-io/go-utils/pathutil",
    "github.com/bitrise-steplib/bitrise-step-android-unit-test/cache",
    "github.com/bitrise-tools/go-steputils/input",
    "github.com/kballard/go-shellquote",
  ]
  solver-name = "gps-cdcl"
  solver-version = 1
